
Microsoft Visual Studio Solution File, Format Version 12.00
# Visual Studio Version 17
VisualStudioVersion = 17.1.32407.343
MinimumVisualStudioVersion = 10.0.40219.1
Project("{9A19103F-16F7-4668-BE54-9A1E7A4F7556}") = "Quizzer.WPF", "Quizzer.WPF\Quizzer.WPF.csproj", "{DBB02542-8686-4D71-9965-7C5D384678C5}"
EndProject
Project("{FAE04EC0-301F-11D3-BF4B-00C04F79EFBC}") = "Quizzer.Tests", "Quizzer.Tests\Quizzer.Tests.csproj", "{FC4713BB-3F8E-4620-BAB0-CA3D30DFE95F}"
EndProject
Global
	GlobalSection(SolutionConfigurationPlatforms) = preSolution
		Debug|Any CPU = Debug|Any CPU
		Release|Any CPU = Release|Any CPU
	EndGlobalSection
	GlobalSection(ProjectConfigurationPlatforms) = postSolution
		{DBB02542-8686-4D71-9965-7C5D384678C5}.Debug|Any CPU.ActiveCfg = Debug|Any CPU
		{DBB02542-8686-4D71-9965-7C5D384678C5}.Debug|Any CPU.Build.0 = Debug|Any CPU
		{DBB02542-8686-4D71-9965-7C5D384678C5}.Release|Any CPU.ActiveCfg = Release|Any CPU
		{DBB02542-8686-4D71-9965-7C5D384678C5}.Release|Any CPU.Build.0 = Release|Any CPU
		{FC4713BB-3F8E-4620-BAB0-CA3D30DFE95F}.Debug|Any CPU.ActiveCfg = Debug|Any CPU
		{FC4713BB-3F8E-4620-BAB0-CA3D30DFE95F}.Debug|Any CPU.Build.0 = Debug|Any CPU
		{FC4713BB-3F8E-4620-BAB0-CA3D30DFE95F}.Release|Any CPU.ActiveCfg = Release|Any CPU
		{FC4713BB-3F8E-4620-BAB0-CA3D30DFE95F}.Release|Any CPU.Build.0 = Release|Any CPU
	EndGlobalSection
	GlobalSection(SolutionProperties) = preSolution
		HideSolutionNode = FALSE
	EndGlobalSection
	GlobalSection(ExtensibilityGlobals) = postSolution
		SolutionGuid = {EB415C1D-E5E1-49E2-88D4-9382CA0208F8}
	EndGlobalSection
EndGlobal
